
Microsoft Visual Studio Solution File, Format Version 12.00
# Visual Studio Version 17
VisualStudioVersion = 17.0.32112.339
MinimumVisualStudioVersion = 10.0.40219.1
Project("{FAE04EC0-301F-11D3-BF4B-00C04F79EFBC}") = "Program2", "Program2\Program2.csproj", "{DE5BF8DD-A528-4056-AB19-81352CD7789C}"
EndProject
Global
	GlobalSection(SolutionConfigurationPlatforms) = preSolution
		Debug|Any CPU = Debug|Any CPU
		Release|Any CPU = Release|Any CPU
	EndGlobalSection
	GlobalSection(ProjectConfigurationPlatforms) = postSolution
		{DE5BF8DD-A528-4056-AB19-81352CD7789C}.Debug|Any CPU.ActiveCfg = Debug|Any CPU
		{DE5BF8DD-A528-4056-AB19-81352CD7789C}.Debug|Any CPU.Build.0 = Debug|Any CPU
		{DE5BF8DD-A528-4056-AB19-81352CD7789C}.Release|Any CPU.ActiveCfg = Release|Any CPU
		{DE5BF8DD-A528-4056-AB19-81352CD7789C}.Release|Any CPU.Build.0 = Release|Any CPU
	EndGlobalSection
	GlobalSection(SolutionProperties) = preSolution
		HideSolutionNode = FALSE
	EndGlobalSection
	GlobalSection(ExtensibilityGlobals) = postSolution
		SolutionGuid = {17145DF5-F7E2-4BD4-B5A6-F7ADCF0D3C17}
	EndGlobalSection
EndGlobal
